
Microsoft Visual Studio Solution File, Format Version 12.00
# Visual Studio Version 17
VisualStudioVersion = 17.2.32526.322
MinimumVisualStudioVersion = 10.0.40219.1
Project("{9A19103F-16F7-4668-BE54-9A1E7A4F7556}") = "NoBank.Portal", "NoBank\NoBank.Portal.csproj", "{E8583CEA-E151-436A-9A71-16F38E90ABB8}"
EndProject
Project("{FAE04EC0-301F-11D3-BF4B-00C04F79EFBC}") = "NoBank.Service", "NoBank.Service\NoBank.Service.csproj", "{9EB81EDD-261D-4A39-B27E-7D3B3F788A74}"
EndProject
Global
	GlobalSection(SolutionConfigurationPlatforms) = preSolution
		Debug|Any CPU = Debug|Any CPU
		Release|Any CPU = Release|Any CPU
	EndGlobalSection
	GlobalSection(ProjectConfigurationPlatforms) = postSolution
		{E8583CEA-E151-436A-9A71-16F38E90ABB8}.Debug|Any CPU.ActiveCfg = Debug|Any CPU
		{E8583CEA-E151-436A-9A71-16F38E90ABB8}.Debug|Any CPU.Build.0 = Debug|Any CPU
		{E8583CEA-E151-436A-9A71-16F38E90ABB8}.Release|Any CPU.ActiveCfg = Release|Any CPU
		{E8583CEA-E151-436A-9A71-16F38E90ABB8}.Release|Any CPU.Build.0 = Release|Any CPU
		{9EB81EDD-261D-4A39-B27E-7D3B3F788A74}.Debug|Any CPU.ActiveCfg = Debug|Any CPU
		{9EB81EDD-261D-4A39-B27E-7D3B3F788A74}.Debug|Any CPU.Build.0 = Debug|Any CPU
		{9EB81EDD-261D-4A39-B27E-7D3B3F788A74}.Release|Any CPU.ActiveCfg = Release|Any CPU
		{9EB81EDD-261D-4A39-B27E-7D3B3F788A74}.Release|Any CPU.Build.0 = Release|Any CPU
	EndGlobalSection
	GlobalSection(SolutionProperties) = preSolution
		HideSolutionNode = FALSE
	EndGlobalSection
	GlobalSection(ExtensibilityGlobals) = postSolution
		SolutionGuid = {C468D0C1-0002-48CD-9543-5F16F2379C14}
	EndGlobalSection
EndGlobal
